// !$*UTF8*$!
{
	archiveVersion = 1;
	classes = {
	};
	objectVersion = 45;
	objects = {

/* Begin PBXBuildFile section */
		1DDD58160DA1D0A300B32029 /* MainMenu.xib in Resources */ = {isa = PBXBuildFile; fileRef = 1DDD58140DA1D0A300B32029 /* MainMenu.xib */; };
		1EF23B8D112746F200D04DD7 /* pianobar in Resources */ = {isa = PBXBuildFile; fileRef = 1EF23B5F112745F100D04DD7 /* pianobar */; };
		1EF23BA3112747A800D04DD7 /* PPPianobarController.m in Sources */ = {isa = PBXBuildFile; fileRef = 1EF23BA2112747A800D04DD7 /* PPPianobarController.m */; };
		1EF23BCA11274AFA00D04DD7 /* PPFileHandleLineBuffer.m in Sources */ = {isa = PBXBuildFile; fileRef = 1EF23BC911274AFA00D04DD7 /* PPFileHandleLineBuffer.m */; };
		256AC3DA0F4B6AC300CF3369 /* PlayerPianoAppDelegate.m in Sources */ = {isa = PBXBuildFile; fileRef = 256AC3D90F4B6AC300CF3369 /* PlayerPianoAppDelegate.m */; };
		8D11072B0486CEB800E47090 /* InfoPlist.strings in Resources */ = {isa = PBXBuildFile; fileRef = 089C165CFE840E0CC02AAC07 /* InfoPlist.strings */; };
		8D11072D0486CEB800E47090 /* main.m in Sources */ = {isa = PBXBuildFile; fileRef = 29B97316FDCFA39411CA2CEA /* main.m */; settings = {ATTRIBUTES = (); }; };
		8D11072F0486CEB800E47090 /* Cocoa.framework in Frameworks */ = {isa = PBXBuildFile; fileRef = 1058C7A1FEA54F0111CA2CBB /* Cocoa.framework */; };
/* End PBXBuildFile section */

/* Begin PBXContainerItemProxy section */
		1EF23B56112745F100D04DD7 /* PBXContainerItemProxy */ = {
			isa = PBXContainerItemProxy;
			containerPortal = 1EF23B4A112745F100D04DD7 /* pianobar.xcodeproj */;
			proxyType = 2;
			remoteGlobalIDString = 1354B401354B401354B40000 /* libpiano.a */;
			remoteInfo = piano;
		};
		1EF23B58112745F100D04DD7 /* PBXContainerItemProxy */ = {
			isa = PBXContainerItemProxy;
			containerPortal = 1EF23B4A112745F100D04DD7 /* pianobar.xcodeproj */;
			proxyType = 2;
			remoteGlobalIDString = 135870013587001358700000 /* libwardrobe.a */;
			remoteInfo = wardrobe;
		};
		1EF23B5A112745F100D04DD7 /* PBXContainerItemProxy */ = {
			isa = PBXContainerItemProxy;
			containerPortal = 1EF23B4A112745F100D04DD7 /* pianobar.xcodeproj */;
			proxyType = 2;
			remoteGlobalIDString = 136492013649201364920000 /* libwaitress.a */;
			remoteInfo = waitress;
		};
		1EF23B5C112745F100D04DD7 /* PBXContainerItemProxy */ = {
			isa = PBXContainerItemProxy;
			containerPortal = 1EF23B4A112745F100D04DD7 /* pianobar.xcodeproj */;
			proxyType = 2;
			remoteGlobalIDString = 23A26DA023A26DA023A26DA0 /* libezxml.a */;
			remoteInfo = ezxml;
		};
		1EF23B5E112745F100D04DD7 /* PBXContainerItemProxy */ = {
			isa = PBXContainerItemProxy;
			containerPortal = 1EF23B4A112745F100D04DD7 /* pianobar.xcodeproj */;
			proxyType = 2;
			remoteGlobalIDString = 23630F7023630F7023630F70 /* pianobar */;
			remoteInfo = pianobar;
		};
		1EF23B8B112746E700D04DD7 /* PBXContainerItemProxy */ = {
			isa = PBXContainerItemProxy;
			containerPortal = 1EF23B4A112745F100D04DD7 /* pianobar.xcodeproj */;
			proxyType = 1;
			remoteGlobalIDString = 1199CA01199CA01199CA0000 /* pianobar */;
			remoteInfo = pianobar;
		};
/* End PBXContainerItemProxy section */

/* Begin PBXFileReference section */
		089C165DFE840E0CC02AAC07 /* English */ = {isa = PBXFileReference; fileEncoding = 4; lastKnownFileType = text.plist.strings; name = English; path = English.lproj/InfoPlist.strings; sourceTree = "<group>"; };
		1058C7A1FEA54F0111CA2CBB /* Cocoa.framework */ = {isa = PBXFileReference; lastKnownFileType = wrapper.framework; name = Cocoa.framework; path = /System/Library/Frameworks/Cocoa.framework; sourceTree = "<absolute>"; };
		13E42FB307B3F0F600E4EEF1 /* CoreData.framework */ = {isa = PBXFileReference; lastKnownFileType = wrapper.framework; name = CoreData.framework; path = /System/Library/Frameworks/CoreData.framework; sourceTree = "<absolute>"; };
		1DDD58150DA1D0A300B32029 /* English */ = {isa = PBXFileReference; lastKnownFileType = file.xib; name = English; path = English.lproj/MainMenu.xib; sourceTree = "<group>"; };
		1EF23B4A112745F100D04DD7 /* pianobar.xcodeproj */ = {isa = PBXFileReference; lastKnownFileType = "wrapper.pb-project"; name = pianobar.xcodeproj; path = contrib/pianobar/build/pianobar.xcodeproj; sourceTree = SOURCE_ROOT; };
		1EF23BA1112747A800D04DD7 /* PPPianobarController.h */ = {isa = PBXFileReference; fileEncoding = 4; lastKnownFileType = sourcecode.c.h; path = PPPianobarController.h; sourceTree = "<group>"; };
		1EF23BA2112747A800D04DD7 /* PPPianobarController.m */ = {isa = PBXFileReference; fileEncoding = 4; lastKnownFileType = sourcecode.c.objc; path = PPPianobarController.m; sourceTree = "<group>"; };
		1EF23BC811274AFA00D04DD7 /* PPFileHandleLineBuffer.h */ = {isa = PBXFileReference; fileEncoding = 4; lastKnownFileType = sourcecode.c.h; path = PPFileHandleLineBuffer.h; sourceTree = "<group>"; };
		1EF23BC911274AFA00D04DD7 /* PPFileHandleLineBuffer.m */ = {isa = PBXFileReference; fileEncoding = 4; lastKnownFileType = sourcecode.c.objc; path = PPFileHandleLineBuffer.m; sourceTree = "<group>"; };
		256AC3D80F4B6AC300CF3369 /* PlayerPianoAppDelegate.h */ = {isa = PBXFileReference; fileEncoding = 4; lastKnownFileType = sourcecode.c.h; path = PlayerPianoAppDelegate.h; sourceTree = "<group>"; };
		256AC3D90F4B6AC300CF3369 /* PlayerPianoAppDelegate.m */ = {isa = PBXFileReference; fileEncoding = 4; lastKnownFileType = sourcecode.c.objc; path = PlayerPianoAppDelegate.m; sourceTree = "<group>"; };
		256AC3F00F4B6AF500CF3369 /* PlayerPiano_Prefix.pch */ = {isa = PBXFileReference; fileEncoding = 4; lastKnownFileType = sourcecode.c.h; path = PlayerPiano_Prefix.pch; sourceTree = "<group>"; };
		29B97316FDCFA39411CA2CEA /* main.m */ = {isa = PBXFileReference; fileEncoding = 4; lastKnownFileType = sourcecode.c.objc; path = main.m; sourceTree = "<group>"; };
		29B97324FDCFA39411CA2CEA /* AppKit.framework */ = {isa = PBXFileReference; lastKnownFileType = wrapper.framework; name = AppKit.framework; path = /System/Library/Frameworks/AppKit.framework; sourceTree = "<absolute>"; };
		29B97325FDCFA39411CA2CEA /* Foundation.framework */ = {isa = PBXFileReference; lastKnownFileType = wrapper.framework; name = Foundation.framework; path = /System/Library/Frameworks/Foundation.framework; sourceTree = "<absolute>"; };
		8D1107310486CEB800E47090 /* PlayerPiano-Info.plist */ = {isa = PBXFileReference; fileEncoding = 4; lastKnownFileType = text.plist.xml; path = "PlayerPiano-Info.plist"; sourceTree = "<group>"; };
		8D1107320486CEB800E47090 /* PlayerPiano.app */ = {isa = PBXFileReference; explicitFileType = wrapper.application; includeInIndex = 0; path = PlayerPiano.app; sourceTree = BUILT_PRODUCTS_DIR; };
/* End PBXFileReference section */

/* Begin PBXFrameworksBuildPhase section */
		8D11072E0486CEB800E47090 /* Frameworks */ = {
			isa = PBXFrameworksBuildPhase;
			buildActionMask = 2147483647;
			files = (
				8D11072F0486CEB800E47090 /* Cocoa.framework in Frameworks */,
			);
			runOnlyForDeploymentPostprocessing = 0;
		};
/* End PBXFrameworksBuildPhase section */

/* Begin PBXGroup section */
		080E96DDFE201D6D7F000001 /* Classes */ = {
			isa = PBXGroup;
			children = (
				256AC3D80F4B6AC300CF3369 /* PlayerPianoAppDelegate.h */,
				256AC3D90F4B6AC300CF3369 /* PlayerPianoAppDelegate.m */,
				1EF23BA1112747A800D04DD7 /* PPPianobarController.h */,
				1EF23BA2112747A800D04DD7 /* PPPianobarController.m */,
				1EF23BC811274AFA00D04DD7 /* PPFileHandleLineBuffer.h */,
				1EF23BC911274AFA00D04DD7 /* PPFileHandleLineBuffer.m */,
			);
			name = Classes;
			sourceTree = "<group>";
		};
		1058C7A0FEA54F0111CA2CBB /* Linked Frameworks */ = {
			isa = PBXGroup;
			children = (
				1058C7A1FEA54F0111CA2CBB /* Cocoa.framework */,
			);
			name = "Linked Frameworks";
			sourceTree = "<group>";
		};
		1058C7A2FEA54F0111CA2CBB /* Other Frameworks */ = {
			isa = PBXGroup;
			children = (
				29B97324FDCFA39411CA2CEA /* AppKit.framework */,
				13E42FB307B3F0F600E4EEF1 /* CoreData.framework */,
				29B97325FDCFA39411CA2CEA /* Foundation.framework */,
			);
			name = "Other Frameworks";
			sourceTree = "<group>";
		};
		19C28FACFE9D520D11CA2CBB /* Products */ = {
			isa = PBXGroup;
			children = (
				8D1107320486CEB800E47090 /* PlayerPiano.app */,
			);
			name = Products;
			sourceTree = "<group>";
		};
		1EF23B4D112745F100D04DD7 /* Products */ = {
			isa = PBXGroup;
			children = (
				1EF23B57112745F100D04DD7 /* libpiano.a */,
				1EF23B59112745F100D04DD7 /* libwardrobe.a */,
				1EF23B5B112745F100D04DD7 /* libwaitress.a */,
				1EF23B5D112745F100D04DD7 /* libezxml.a */,
				1EF23B5F112745F100D04DD7 /* pianobar */,
			);
			name = Products;
			sourceTree = "<group>";
		};
		29B97314FDCFA39411CA2CEA /* PlayerPiano */ = {
			isa = PBXGroup;
			children = (
				1EF23B4A112745F100D04DD7 /* pianobar.xcodeproj */,
				080E96DDFE201D6D7F000001 /* Classes */,
				29B97315FDCFA39411CA2CEA /* Other Sources */,
				29B97317FDCFA39411CA2CEA /* Resources */,
				29B97323FDCFA39411CA2CEA /* Frameworks */,
				19C28FACFE9D520D11CA2CBB /* Products */,
			);
			name = PlayerPiano;
			sourceTree = "<group>";
		};
		29B97315FDCFA39411CA2CEA /* Other Sources */ = {
			isa = PBXGroup;
			children = (
				256AC3F00F4B6AF500CF3369 /* PlayerPiano_Prefix.pch */,
				29B97316FDCFA39411CA2CEA /* main.m */,
			);
			name = "Other Sources";
			sourceTree = "<group>";
		};
		29B97317FDCFA39411CA2CEA /* Resources */ = {
			isa = PBXGroup;
			children = (
				8D1107310486CEB800E47090 /* PlayerPiano-Info.plist */,
				089C165CFE840E0CC02AAC07 /* InfoPlist.strings */,
				1DDD58140DA1D0A300B32029 /* MainMenu.xib */,
			);
			name = Resources;
			sourceTree = "<group>";
		};
		29B97323FDCFA39411CA2CEA /* Frameworks */ = {
			isa = PBXGroup;
			children = (
				1058C7A0FEA54F0111CA2CBB /* Linked Frameworks */,
				1058C7A2FEA54F0111CA2CBB /* Other Frameworks */,
			);
			name = Frameworks;
			sourceTree = "<group>";
		};
/* End PBXGroup section */

/* Begin PBXNativeTarget section */
		8D1107260486CEB800E47090 /* PlayerPiano */ = {
			isa = PBXNativeTarget;
			buildConfigurationList = C01FCF4A08A954540054247B /* Build configuration list for PBXNativeTarget "PlayerPiano" */;
			buildPhases = (
				8D1107290486CEB800E47090 /* Resources */,
				8D11072C0486CEB800E47090 /* Sources */,
				8D11072E0486CEB800E47090 /* Frameworks */,
			);
			buildRules = (
			);
			dependencies = (
				1EF23B8C112746E700D04DD7 /* PBXTargetDependency */,
			);
			name = PlayerPiano;
			productInstallPath = "$(HOME)/Applications";
			productName = PlayerPiano;
			productReference = 8D1107320486CEB800E47090 /* PlayerPiano.app */;
			productType = "com.apple.product-type.application";
		};
/* End PBXNativeTarget section */

/* Begin PBXProject section */
		29B97313FDCFA39411CA2CEA /* Project object */ = {
			isa = PBXProject;
			buildConfigurationList = C01FCF4E08A954540054247B /* Build configuration list for PBXProject "PlayerPiano" */;
			compatibilityVersion = "Xcode 3.1";
			hasScannedForEncodings = 1;
			mainGroup = 29B97314FDCFA39411CA2CEA /* PlayerPiano */;
			projectDirPath = "";
			projectReferences = (
				{
					ProductGroup = 1EF23B4D112745F100D04DD7 /* Products */;
					ProjectRef = 1EF23B4A112745F100D04DD7 /* pianobar.xcodeproj */;
				},
			);
			projectRoot = "";
			targets = (
				8D1107260486CEB800E47090 /* PlayerPiano */,
			);
		};
/* End PBXProject section */

/* Begin PBXReferenceProxy section */
		1EF23B57112745F100D04DD7 /* libpiano.a */ = {
			isa = PBXReferenceProxy;
			fileType = archive.ar;
			path = libpiano.a;
			remoteRef = 1EF23B56112745F100D04DD7 /* PBXContainerItemProxy */;
			sourceTree = BUILT_PRODUCTS_DIR;
		};
		1EF23B59112745F100D04DD7 /* libwardrobe.a */ = {
			isa = PBXReferenceProxy;
			fileType = archive.ar;
			path = libwardrobe.a;
			remoteRef = 1EF23B58112745F100D04DD7 /* PBXContainerItemProxy */;
			sourceTree = BUILT_PRODUCTS_DIR;
		};
		1EF23B5B112745F100D04DD7 /* libwaitress.a */ = {
			isa = PBXReferenceProxy;
			fileType = archive.ar;
			path = libwaitress.a;
			remoteRef = 1EF23B5A112745F100D04DD7 /* PBXContainerItemProxy */;
			sourceTree = BUILT_PRODUCTS_DIR;
		};
		1EF23B5D112745F100D04DD7 /* libezxml.a */ = {
			isa = PBXReferenceProxy;
			fileType = archive.ar;
			path = libezxml.a;
			remoteRef = 1EF23B5C112745F100D04DD7 /* PBXContainerItemProxy */;
			sourceTree = BUILT_PRODUCTS_DIR;
		};
		1EF23B5F112745F100D04DD7 /* pianobar */ = {
			isa = PBXReferenceProxy;
			fileType = "compiled.mach-o.executable";
			path = pianobar;
			remoteRef = 1EF23B5E112745F100D04DD7 /* PBXContainerItemProxy */;
			sourceTree = BUILT_PRODUCTS_DIR;
		};
/* End PBXReferenceProxy section */

/* Begin PBXResourcesBuildPhase section */
		8D1107290486CEB800E47090 /* Resources */ = {
			isa = PBXResourcesBuildPhase;
			buildActionMask = 2147483647;
			files = (
				1EF23B8D112746F200D04DD7 /* pianobar in Resources */,
				8D11072B0486CEB800E47090 /* InfoPlist.strings in Resources */,
				1DDD58160DA1D0A300B32029 /* MainMenu.xib in Resources */,
			);
			runOnlyForDeploymentPostprocessing = 0;
		};
/* End PBXResourcesBuildPhase section */

/* Begin PBXSourcesBuildPhase section */
		8D11072C0486CEB800E47090 /* Sources */ = {
			isa = PBXSourcesBuildPhase;
			buildActionMask = 2147483647;
			files = (
				8D11072D0486CEB800E47090 /* main.m in Sources */,
				256AC3DA0F4B6AC300CF3369 /* PlayerPianoAppDelegate.m in Sources */,
				1EF23BA3112747A800D04DD7 /* PPPianobarController.m in Sources */,
				1EF23BCA11274AFA00D04DD7 /* PPFileHandleLineBuffer.m in Sources */,
			);
			runOnlyForDeploymentPostprocessing = 0;
		};
/* End PBXSourcesBuildPhase section */

/* Begin PBXTargetDependency section */
		1EF23B8C112746E700D04DD7 /* PBXTargetDependency */ = {
			isa = PBXTargetDependency;
			name = pianobar;
			targetProxy = 1EF23B8B112746E700D04DD7 /* PBXContainerItemProxy */;
		};
/* End PBXTargetDependency section */

/* Begin PBXVariantGroup section */
		089C165CFE840E0CC02AAC07 /* InfoPlist.strings */ = {
			isa = PBXVariantGroup;
			children = (
				089C165DFE840E0CC02AAC07 /* English */,
			);
			name = InfoPlist.strings;
			sourceTree = "<group>";
		};
		1DDD58140DA1D0A300B32029 /* MainMenu.xib */ = {
			isa = PBXVariantGroup;
			children = (
				1DDD58150DA1D0A300B32029 /* English */,
			);
			name = MainMenu.xib;
			sourceTree = "<group>";
		};
/* End PBXVariantGroup section */

/* Begin XCBuildConfiguration section */
		C01FCF4B08A954540054247B /* Debug */ = {
			isa = XCBuildConfiguration;
			buildSettings = {
				ALWAYS_SEARCH_USER_PATHS = NO;
				COPY_PHASE_STRIP = NO;
				GCC_DYNAMIC_NO_PIC = NO;
				GCC_ENABLE_FIX_AND_CONTINUE = YES;
				GCC_MODEL_TUNING = G5;
				GCC_OPTIMIZATION_LEVEL = 0;
				GCC_PRECOMPILE_PREFIX_HEADER = YES;
				GCC_PREFIX_HEADER = PlayerPiano_Prefix.pch;
				INFOPLIST_FILE = "PlayerPiano-Info.plist";
				INSTALL_PATH = "$(HOME)/Applications";
				PRODUCT_NAME = PlayerPiano;
			};
			name = Debug;
		};
		C01FCF4C08A954540054247B /* Release */ = {
			isa = XCBuildConfiguration;
			buildSettings = {
				ALWAYS_SEARCH_USER_PATHS = NO;
				DEBUG_INFORMATION_FORMAT = "dwarf-with-dsym";
				GCC_MODEL_TUNING = G5;
				GCC_PRECOMPILE_PREFIX_HEADER = YES;
				GCC_PREFIX_HEADER = PlayerPiano_Prefix.pch;
				INFOPLIST_FILE = "PlayerPiano-Info.plist";
				INSTALL_PATH = "$(HOME)/Applications";
				PRODUCT_NAME = PlayerPiano;
			};
			name = Release;
		};
		C01FCF4F08A954540054247B /* Debug */ = {
			isa = XCBuildConfiguration;
			buildSettings = {
				ARCHS = "$(ARCHS_STANDARD_32_64_BIT)";
				GCC_C_LANGUAGE_STANDARD = gnu99;
				GCC_OPTIMIZATION_LEVEL = 0;
				GCC_WARN_ABOUT_RETURN_TYPE = YES;
				GCC_WARN_UNUSED_VARIABLE = YES;
				ONLY_ACTIVE_ARCH = YES;
				PREBINDING = NO;
				SDKROOT = macosx10.6;
			};
			name = Debug;
		};
		C01FCF5008A954540054247B /* Release */ = {
			isa = XCBuildConfiguration;
			buildSettings = {
				ARCHS = "$(ARCHS_STANDARD_32_64_BIT)";
				GCC_C_LANGUAGE_STANDARD = gnu99;
				GCC_WARN_ABOUT_RETURN_TYPE = YES;
				GCC_WARN_UNUSED_VARIABLE = YES;
				PREBINDING = NO;
				SDKROOT = macosx10.6;
			};
			name = Release;
		};
/* End XCBuildConfiguration section */

/* Begin XCConfigurationList section */
		C01FCF4A08A954540054247B /* Build configuration list for PBXNativeTarget "PlayerPiano" */ = {
			isa = XCConfigurationList;
			buildConfigurations = (
				C01FCF4B08A954540054247B /* Debug */,
				C01FCF4C08A954540054247B /* Release */,
			);
			defaultConfigurationIsVisible = 0;
			defaultConfigurationName = Release;
		};
		C01FCF4E08A954540054247B /* Build configuration list for PBXProject "PlayerPiano" */ = {
			isa = XCConfigurationList;
			buildConfigurations = (
				C01FCF4F08A954540054247B /* Debug */,
				C01FCF5008A954540054247B /* Release */,
			);
			defaultConfigurationIsVisible = 0;
			defaultConfigurationName = Release;
		};
/* End XCConfigurationList section */
	};
	rootObject = 29B97313FDCFA39411CA2CEA /* Project object */;
}
