// !$*UTF8*$!
{
	archiveVersion = 1;
	classes = {
	};
	objectVersion = 45;
	objects = {

/* Begin PBXBuildFile section */
		1E1B690B11279E7C00F03465 /* NSString+TimeParsing.m in Sources */ = {isa = PBXBuildFile; fileRef = 1E1B690A11279E7C00F03465 /* NSString+TimeParsing.m */; };
		1E774CCE1128834E00DC4EC7 /* next-song.png in Resources */ = {isa = PBXBuildFile; fileRef = 1E774CCA1128834E00DC4EC7 /* next-song.png */; };
		1E774CCF1128834E00DC4EC7 /* pause.png in Resources */ = {isa = PBXBuildFile; fileRef = 1E774CCB1128834E00DC4EC7 /* pause.png */; };
		1E774CD01128834E00DC4EC7 /* thumb-down.png in Resources */ = {isa = PBXBuildFile; fileRef = 1E774CCC1128834E00DC4EC7 /* thumb-down.png */; };
		1E774CD11128834E00DC4EC7 /* thumb-up.png in Resources */ = {isa = PBXBuildFile; fileRef = 1E774CCD1128834E00DC4EC7 /* thumb-up.png */; };
		1E774CE1112883B700DC4EC7 /* InfoPlist.strings in Resources */ = {isa = PBXBuildFile; fileRef = 1E774CDD112883B700DC4EC7 /* InfoPlist.strings */; };
		1E774CE2112883B700DC4EC7 /* MainMenu.xib in Resources */ = {isa = PBXBuildFile; fileRef = 1E774CDF112883B700DC4EC7 /* MainMenu.xib */; };
		1E774D5511288D3E00DC4EC7 /* VillainousStyle.framework in Copy Frameworks */ = {isa = PBXBuildFile; fileRef = 1E774D4D11288D0700DC4EC7 /* VillainousStyle.framework */; };
		1E774D5611288D4100DC4EC7 /* VillainousStyle.framework in Frameworks */ = {isa = PBXBuildFile; fileRef = 1E774D4D11288D0700DC4EC7 /* VillainousStyle.framework */; };
		1E774D5E11288DA600DC4EC7 /* PPStyleSheet.m in Sources */ = {isa = PBXBuildFile; fileRef = 1E774D5D11288DA600DC4EC7 /* PPStyleSheet.m */; };
		1E774DAD11288F2500DC4EC7 /* PPStyleView.m in Sources */ = {isa = PBXBuildFile; fileRef = 1E774DAC11288F2500DC4EC7 /* PPStyleView.m */; };
		1E774DF31128950C00DC4EC7 /* MainWindow.xib in Resources */ = {isa = PBXBuildFile; fileRef = 1E774DF11128950C00DC4EC7 /* MainWindow.xib */; };
		1E774F701128E3F300DC4EC7 /* NSWindow+TitlebarAccessory.m in Sources */ = {isa = PBXBuildFile; fileRef = 1E774F6F1128E3F300DC4EC7 /* NSWindow+TitlebarAccessory.m */; };
		1E774F8B1128E78E00DC4EC7 /* PPTitlebarAccessoryPopUpButton.m in Sources */ = {isa = PBXBuildFile; fileRef = 1E774F8A1128E78E00DC4EC7 /* PPTitlebarAccessoryPopUpButton.m */; };
		1E7D45DF1128FFB4001CA61F /* play.png in Resources */ = {isa = PBXBuildFile; fileRef = 1E7D45DE1128FFB4001CA61F /* play.png */; };
		1E7D460D11291746001CA61F /* PPSliderCell.m in Sources */ = {isa = PBXBuildFile; fileRef = 1E7D460C11291746001CA61F /* PPSliderCell.m */; };
		1E7D467711291C80001CA61F /* PPTimeIntervalTransformer.m in Sources */ = {isa = PBXBuildFile; fileRef = 1E7D467611291C80001CA61F /* PPTimeIntervalTransformer.m */; };
		1EF23BCA11274AFA00D04DD7 /* PPFileHandleLineBuffer.m in Sources */ = {isa = PBXBuildFile; fileRef = 1EF23BC911274AFA00D04DD7 /* PPFileHandleLineBuffer.m */; };
		1EF23C2E11275A5B00D04DD7 /* PPLineRecognizer.m in Sources */ = {isa = PBXBuildFile; fileRef = 1EF23C2D11275A5B00D04DD7 /* PPLineRecognizer.m */; };
		1EF23C3B11275C6100D04DD7 /* PPLineParser.m in Sources */ = {isa = PBXBuildFile; fileRef = 1EF23C3A11275C6100D04DD7 /* PPLineParser.m */; };
		256AC3DA0F4B6AC300CF3369 /* PlayerPianoAppDelegate.m in Sources */ = {isa = PBXBuildFile; fileRef = 256AC3D90F4B6AC300CF3369 /* PlayerPianoAppDelegate.m */; };
		820CCF24119C90FB00538AF0 /* PianoBar.framework in Frameworks */ = {isa = PBXBuildFile; fileRef = 820CCECB119C903C00538AF0 /* PianoBar.framework */; };
		8D11072D0486CEB800E47090 /* main.m in Sources */ = {isa = PBXBuildFile; fileRef = 29B97316FDCFA39411CA2CEA /* main.m */; settings = {ATTRIBUTES = (); }; };
		8D11072F0486CEB800E47090 /* Cocoa.framework in Frameworks */ = {isa = PBXBuildFile; fileRef = 1058C7A1FEA54F0111CA2CBB /* Cocoa.framework */; };
/* End PBXBuildFile section */

/* Begin PBXContainerItemProxy section */
		1E774D4C11288D0700DC4EC7 /* PBXContainerItemProxy */ = {
			isa = PBXContainerItemProxy;
			containerPortal = 1E774D4211288D0700DC4EC7 /* VillainousStyle.xcodeproj */;
			proxyType = 2;
			remoteGlobalIDString = 1E0FDD5B101A79DF007AFA92;
			remoteInfo = VillainousStyle.framework;
		};
		1E774D4E11288D0700DC4EC7 /* PBXContainerItemProxy */ = {
			isa = PBXContainerItemProxy;
			containerPortal = 1E774D4211288D0700DC4EC7 /* VillainousStyle.xcodeproj */;
			proxyType = 2;
			remoteGlobalIDString = 1E3123CB10AD256C00D72994;
			remoteInfo = "libVillainousStyle.a - iPhone";
		};
		1E774D5011288D0700DC4EC7 /* PBXContainerItemProxy */ = {
			isa = PBXContainerItemProxy;
			containerPortal = 1E774D4211288D0700DC4EC7 /* VillainousStyle.xcodeproj */;
			proxyType = 2;
			remoteGlobalIDString = 1E5CFFBA10ED61E600B7B095;
			remoteInfo = "libVillainousStyle.a - Mac";
		};
		1E774D5211288D2100DC4EC7 /* PBXContainerItemProxy */ = {
			isa = PBXContainerItemProxy;
			containerPortal = 1E774D4211288D0700DC4EC7 /* VillainousStyle.xcodeproj */;
			proxyType = 1;
			remoteGlobalIDString = 1E0FDD5A101A79DF007AFA92;
			remoteInfo = VillainousStyle.framework;
		};
		820CCE2B119C8D2000538AF0 /* PBXContainerItemProxy */ = {
			isa = PBXContainerItemProxy;
			containerPortal = 1EF23B4A112745F100D04DD7 /* pianobar.xcodeproj */;
			proxyType = 2;
			remoteGlobalIDString = 1E10571B119A6A25008CC292;
			remoteInfo = libezxml;
		};
		820CCE2D119C8D2000538AF0 /* PBXContainerItemProxy */ = {
			isa = PBXContainerItemProxy;
			containerPortal = 1EF23B4A112745F100D04DD7 /* pianobar.xcodeproj */;
			proxyType = 2;
			remoteGlobalIDString = 1E105722119A6A2D008CC292;
			remoteInfo = libwaitress;
		};
		820CCE2F119C8D2000538AF0 /* PBXContainerItemProxy */ = {
			isa = PBXContainerItemProxy;
			containerPortal = 1EF23B4A112745F100D04DD7 /* pianobar.xcodeproj */;
			proxyType = 2;
			remoteGlobalIDString = 1E105729119A6A33008CC292;
			remoteInfo = libpiano;
		};
		820CCE31119C8D2000538AF0 /* PBXContainerItemProxy */ = {
			isa = PBXContainerItemProxy;
			containerPortal = 1EF23B4A112745F100D04DD7 /* pianobar.xcodeproj */;
			proxyType = 2;
			remoteGlobalIDString = 8DD76FB20486AB0100D96B5E;
			remoteInfo = pianobar;
		};
		820CCECA119C903C00538AF0 /* PBXContainerItemProxy */ = {
			isa = PBXContainerItemProxy;
			containerPortal = 1EF23B4A112745F100D04DD7 /* pianobar.xcodeproj */;
			proxyType = 2;
			remoteGlobalIDString = 821DAF78119C636000078BBF;
			remoteInfo = PianoBarFramework;
		};
		820CCED9119C905B00538AF0 /* PBXContainerItemProxy */ = {
			isa = PBXContainerItemProxy;
			containerPortal = 1EF23B4A112745F100D04DD7 /* pianobar.xcodeproj */;
			proxyType = 1;
			remoteGlobalIDString = 821DAF77119C636000078BBF;
			remoteInfo = PianoBarFramework;
		};
/* End PBXContainerItemProxy section */

/* Begin PBXCopyFilesBuildPhase section */
		1E774D5911288D5F00DC4EC7 /* Copy Frameworks */ = {
			isa = PBXCopyFilesBuildPhase;
			buildActionMask = 2147483647;
			dstPath = "";
			dstSubfolderSpec = 10;
			files = (
				1E774D5511288D3E00DC4EC7 /* VillainousStyle.framework in Copy Frameworks */,
			);
			name = "Copy Frameworks";
			runOnlyForDeploymentPostprocessing = 0;
		};
/* End PBXCopyFilesBuildPhase section */

/* Begin PBXFileReference section */
		1058C7A1FEA54F0111CA2CBB /* Cocoa.framework */ = {isa = PBXFileReference; lastKnownFileType = wrapper.framework; name = Cocoa.framework; path = /System/Library/Frameworks/Cocoa.framework; sourceTree = "<absolute>"; };
		13E42FB307B3F0F600E4EEF1 /* CoreData.framework */ = {isa = PBXFileReference; lastKnownFileType = wrapper.framework; name = CoreData.framework; path = /System/Library/Frameworks/CoreData.framework; sourceTree = "<absolute>"; };
		1E1B690911279E7C00F03465 /* NSString+TimeParsing.h */ = {isa = PBXFileReference; fileEncoding = 4; lastKnownFileType = sourcecode.c.h; path = "NSString+TimeParsing.h"; sourceTree = "<group>"; };
		1E1B690A11279E7C00F03465 /* NSString+TimeParsing.m */ = {isa = PBXFileReference; fileEncoding = 4; lastKnownFileType = sourcecode.c.objc; path = "NSString+TimeParsing.m"; sourceTree = "<group>"; };
		1E774CCA1128834E00DC4EC7 /* next-song.png */ = {isa = PBXFileReference; lastKnownFileType = image.png; path = "next-song.png"; sourceTree = "<group>"; };
		1E774CCB1128834E00DC4EC7 /* pause.png */ = {isa = PBXFileReference; lastKnownFileType = image.png; path = pause.png; sourceTree = "<group>"; };
		1E774CCC1128834E00DC4EC7 /* thumb-down.png */ = {isa = PBXFileReference; lastKnownFileType = image.png; path = "thumb-down.png"; sourceTree = "<group>"; };
		1E774CCD1128834E00DC4EC7 /* thumb-up.png */ = {isa = PBXFileReference; lastKnownFileType = image.png; path = "thumb-up.png"; sourceTree = "<group>"; };
		1E774CDE112883B700DC4EC7 /* English */ = {isa = PBXFileReference; fileEncoding = 4; lastKnownFileType = text.plist.strings; name = English; path = English.lproj/InfoPlist.strings; sourceTree = "<group>"; };
		1E774CE0112883B700DC4EC7 /* English */ = {isa = PBXFileReference; lastKnownFileType = file.xib; name = English; path = English.lproj/MainMenu.xib; sourceTree = "<group>"; };
		1E774D4211288D0700DC4EC7 /* VillainousStyle.xcodeproj */ = {isa = PBXFileReference; lastKnownFileType = "wrapper.pb-project"; name = VillainousStyle.xcodeproj; path = contrib/VillainousStyle/Source/VillainousStyle.xcodeproj; sourceTree = "<group>"; };
		1E774D5C11288DA600DC4EC7 /* PPStyleSheet.h */ = {isa = PBXFileReference; fileEncoding = 4; lastKnownFileType = sourcecode.c.h; path = PPStyleSheet.h; sourceTree = "<group>"; };
		1E774D5D11288DA600DC4EC7 /* PPStyleSheet.m */ = {isa = PBXFileReference; fileEncoding = 4; lastKnownFileType = sourcecode.c.objc; path = PPStyleSheet.m; sourceTree = "<group>"; };
		1E774D6711288DFA00DC4EC7 /* VillainousStyle.framework */ = {isa = PBXFileReference; lastKnownFileType = wrapper.framework; name = VillainousStyle.framework; path = contrib/VillainousStyle/Source/build/Debug/Mac/VillainousStyle.framework; sourceTree = "<group>"; };
		1E774DAB11288F2500DC4EC7 /* PPStyleView.h */ = {isa = PBXFileReference; fileEncoding = 4; lastKnownFileType = sourcecode.c.h; path = PPStyleView.h; sourceTree = "<group>"; };
		1E774DAC11288F2500DC4EC7 /* PPStyleView.m */ = {isa = PBXFileReference; fileEncoding = 4; lastKnownFileType = sourcecode.c.objc; path = PPStyleView.m; sourceTree = "<group>"; };
		1E774DF21128950C00DC4EC7 /* English */ = {isa = PBXFileReference; lastKnownFileType = file.xib; name = English; path = Resources/English.lproj/MainWindow.xib; sourceTree = "<group>"; };
		1E774F6E1128E3F300DC4EC7 /* NSWindow+TitlebarAccessory.h */ = {isa = PBXFileReference; fileEncoding = 4; lastKnownFileType = sourcecode.c.h; path = "NSWindow+TitlebarAccessory.h"; sourceTree = "<group>"; };
		1E774F6F1128E3F300DC4EC7 /* NSWindow+TitlebarAccessory.m */ = {isa = PBXFileReference; fileEncoding = 4; lastKnownFileType = sourcecode.c.objc; path = "NSWindow+TitlebarAccessory.m"; sourceTree = "<group>"; };
		1E774F891128E78E00DC4EC7 /* PPTitlebarAccessoryPopUpButton.h */ = {isa = PBXFileReference; fileEncoding = 4; lastKnownFileType = sourcecode.c.h; path = PPTitlebarAccessoryPopUpButton.h; sourceTree = "<group>"; };
		1E774F8A1128E78E00DC4EC7 /* PPTitlebarAccessoryPopUpButton.m */ = {isa = PBXFileReference; fileEncoding = 4; lastKnownFileType = sourcecode.c.objc; path = PPTitlebarAccessoryPopUpButton.m; sourceTree = "<group>"; };
		1E7D45DE1128FFB4001CA61F /* play.png */ = {isa = PBXFileReference; lastKnownFileType = image.png; path = play.png; sourceTree = "<group>"; };
		1E7D460B11291746001CA61F /* PPSliderCell.h */ = {isa = PBXFileReference; fileEncoding = 4; lastKnownFileType = sourcecode.c.h; path = PPSliderCell.h; sourceTree = "<group>"; };
		1E7D460C11291746001CA61F /* PPSliderCell.m */ = {isa = PBXFileReference; fileEncoding = 4; lastKnownFileType = sourcecode.c.objc; path = PPSliderCell.m; sourceTree = "<group>"; };
		1E7D467511291C80001CA61F /* PPTimeIntervalTransformer.h */ = {isa = PBXFileReference; fileEncoding = 4; lastKnownFileType = sourcecode.c.h; path = PPTimeIntervalTransformer.h; sourceTree = "<group>"; };
		1E7D467611291C80001CA61F /* PPTimeIntervalTransformer.m */ = {isa = PBXFileReference; fileEncoding = 4; lastKnownFileType = sourcecode.c.objc; path = PPTimeIntervalTransformer.m; sourceTree = "<group>"; };
		1EF23B4A112745F100D04DD7 /* pianobar.xcodeproj */ = {isa = PBXFileReference; lastKnownFileType = "wrapper.pb-project"; name = pianobar.xcodeproj; path = contrib/pianobar/pianobar.xcodeproj; sourceTree = "<group>"; };
		1EF23BA1112747A800D04DD7 /* PPPianobarController.h */ = {isa = PBXFileReference; fileEncoding = 4; lastKnownFileType = sourcecode.c.h; path = PPPianobarController.h; sourceTree = "<group>"; };
		1EF23BA2112747A800D04DD7 /* PPPianobarController.m */ = {isa = PBXFileReference; fileEncoding = 4; lastKnownFileType = sourcecode.c.objc; path = PPPianobarController.m; sourceTree = "<group>"; };
		1EF23BC811274AFA00D04DD7 /* PPFileHandleLineBuffer.h */ = {isa = PBXFileReference; fileEncoding = 4; lastKnownFileType = sourcecode.c.h; path = PPFileHandleLineBuffer.h; sourceTree = "<group>"; };
		1EF23BC911274AFA00D04DD7 /* PPFileHandleLineBuffer.m */ = {isa = PBXFileReference; fileEncoding = 4; lastKnownFileType = sourcecode.c.objc; path = PPFileHandleLineBuffer.m; sourceTree = "<group>"; };
		1EF23C2C11275A5B00D04DD7 /* PPLineRecognizer.h */ = {isa = PBXFileReference; fileEncoding = 4; lastKnownFileType = sourcecode.c.h; path = PPLineRecognizer.h; sourceTree = "<group>"; };
		1EF23C2D11275A5B00D04DD7 /* PPLineRecognizer.m */ = {isa = PBXFileReference; fileEncoding = 4; lastKnownFileType = sourcecode.c.objc; path = PPLineRecognizer.m; sourceTree = "<group>"; };
		1EF23C3911275C6100D04DD7 /* PPLineParser.h */ = {isa = PBXFileReference; fileEncoding = 4; lastKnownFileType = sourcecode.c.h; path = PPLineParser.h; sourceTree = "<group>"; };
		1EF23C3A11275C6100D04DD7 /* PPLineParser.m */ = {isa = PBXFileReference; fileEncoding = 4; lastKnownFileType = sourcecode.c.objc; path = PPLineParser.m; sourceTree = "<group>"; };
		256AC3D80F4B6AC300CF3369 /* PlayerPianoAppDelegate.h */ = {isa = PBXFileReference; fileEncoding = 4; lastKnownFileType = sourcecode.c.h; path = PlayerPianoAppDelegate.h; sourceTree = "<group>"; };
		256AC3D90F4B6AC300CF3369 /* PlayerPianoAppDelegate.m */ = {isa = PBXFileReference; fileEncoding = 4; lastKnownFileType = sourcecode.c.objc; path = PlayerPianoAppDelegate.m; sourceTree = "<group>"; };
		256AC3F00F4B6AF500CF3369 /* PlayerPiano_Prefix.pch */ = {isa = PBXFileReference; fileEncoding = 4; lastKnownFileType = sourcecode.c.h; path = PlayerPiano_Prefix.pch; sourceTree = "<group>"; };
		29B97316FDCFA39411CA2CEA /* main.m */ = {isa = PBXFileReference; fileEncoding = 4; lastKnownFileType = sourcecode.c.objc; path = main.m; sourceTree = "<group>"; };
		29B97324FDCFA39411CA2CEA /* AppKit.framework */ = {isa = PBXFileReference; lastKnownFileType = wrapper.framework; name = AppKit.framework; path = /System/Library/Frameworks/AppKit.framework; sourceTree = "<absolute>"; };
		29B97325FDCFA39411CA2CEA /* Foundation.framework */ = {isa = PBXFileReference; lastKnownFileType = wrapper.framework; name = Foundation.framework; path = /System/Library/Frameworks/Foundation.framework; sourceTree = "<absolute>"; };
		8D1107310486CEB800E47090 /* PlayerPiano-Info.plist */ = {isa = PBXFileReference; fileEncoding = 4; lastKnownFileType = text.plist.xml; path = "PlayerPiano-Info.plist"; sourceTree = "<group>"; };
		8D1107320486CEB800E47090 /* PlayerPiano.app */ = {isa = PBXFileReference; explicitFileType = wrapper.application; includeInIndex = 0; path = PlayerPiano.app; sourceTree = BUILT_PRODUCTS_DIR; };
/* End PBXFileReference section */

/* Begin PBXFrameworksBuildPhase section */
		8D11072E0486CEB800E47090 /* Frameworks */ = {
			isa = PBXFrameworksBuildPhase;
			buildActionMask = 2147483647;
			files = (
				1E774D5611288D4100DC4EC7 /* VillainousStyle.framework in Frameworks */,
				8D11072F0486CEB800E47090 /* Cocoa.framework in Frameworks */,
				820CCF24119C90FB00538AF0 /* PianoBar.framework in Frameworks */,
			);
			runOnlyForDeploymentPostprocessing = 0;
		};
/* End PBXFrameworksBuildPhase section */

/* Begin PBXGroup section */
		080E96DDFE201D6D7F000001 /* Classes */ = {
			isa = PBXGroup;
			children = (
				1E774F731128E59F00DC4EC7 /* Categories */,
				1EF23C2F11275BBE00D04DD7 /* Line Reading */,
				256AC3D80F4B6AC300CF3369 /* PlayerPianoAppDelegate.h */,
				256AC3D90F4B6AC300CF3369 /* PlayerPianoAppDelegate.m */,
				1EF23BA1112747A800D04DD7 /* PPPianobarController.h */,
				1EF23BA2112747A800D04DD7 /* PPPianobarController.m */,
				1E774D5C11288DA600DC4EC7 /* PPStyleSheet.h */,
				1E774D5D11288DA600DC4EC7 /* PPStyleSheet.m */,
				1E774DAB11288F2500DC4EC7 /* PPStyleView.h */,
				1E774DAC11288F2500DC4EC7 /* PPStyleView.m */,
				1E774F891128E78E00DC4EC7 /* PPTitlebarAccessoryPopUpButton.h */,
				1E774F8A1128E78E00DC4EC7 /* PPTitlebarAccessoryPopUpButton.m */,
				1E7D460B11291746001CA61F /* PPSliderCell.h */,
				1E7D460C11291746001CA61F /* PPSliderCell.m */,
				1E7D467511291C80001CA61F /* PPTimeIntervalTransformer.h */,
				1E7D467611291C80001CA61F /* PPTimeIntervalTransformer.m */,
			);
			name = Classes;
			sourceTree = "<group>";
		};
		1058C7A0FEA54F0111CA2CBB /* Linked Frameworks */ = {
			isa = PBXGroup;
			children = (
				1058C7A1FEA54F0111CA2CBB /* Cocoa.framework */,
			);
			name = "Linked Frameworks";
			sourceTree = "<group>";
		};
		1058C7A2FEA54F0111CA2CBB /* Other Frameworks */ = {
			isa = PBXGroup;
			children = (
				29B97324FDCFA39411CA2CEA /* AppKit.framework */,
				13E42FB307B3F0F600E4EEF1 /* CoreData.framework */,
				29B97325FDCFA39411CA2CEA /* Foundation.framework */,
			);
			name = "Other Frameworks";
			sourceTree = "<group>";
		};
		19C28FACFE9D520D11CA2CBB /* Products */ = {
			isa = PBXGroup;
			children = (
				8D1107320486CEB800E47090 /* PlayerPiano.app */,
			);
			name = Products;
			sourceTree = "<group>";
		};
		1E774D4311288D0700DC4EC7 /* Products */ = {
			isa = PBXGroup;
			children = (
				1E774D4D11288D0700DC4EC7 /* VillainousStyle.framework */,
				1E774D4F11288D0700DC4EC7 /* libVillainousStyle.a */,
				1E774D5111288D0700DC4EC7 /* libVillainousStyle.a */,
			);
			name = Products;
			sourceTree = "<group>";
		};
		1E774F731128E59F00DC4EC7 /* Categories */ = {
			isa = PBXGroup;
			children = (
				1E1B690911279E7C00F03465 /* NSString+TimeParsing.h */,
				1E1B690A11279E7C00F03465 /* NSString+TimeParsing.m */,
				1E774F6E1128E3F300DC4EC7 /* NSWindow+TitlebarAccessory.h */,
				1E774F6F1128E3F300DC4EC7 /* NSWindow+TitlebarAccessory.m */,
			);
			name = Categories;
			sourceTree = "<group>";
		};
		1EF23C2F11275BBE00D04DD7 /* Line Reading */ = {
			isa = PBXGroup;
			children = (
				1EF23BC811274AFA00D04DD7 /* PPFileHandleLineBuffer.h */,
				1EF23BC911274AFA00D04DD7 /* PPFileHandleLineBuffer.m */,
				1EF23C2C11275A5B00D04DD7 /* PPLineRecognizer.h */,
				1EF23C2D11275A5B00D04DD7 /* PPLineRecognizer.m */,
				1EF23C3911275C6100D04DD7 /* PPLineParser.h */,
				1EF23C3A11275C6100D04DD7 /* PPLineParser.m */,
			);
			name = "Line Reading";
			sourceTree = "<group>";
		};
		29B97314FDCFA39411CA2CEA /* PlayerPiano */ = {
			isa = PBXGroup;
			children = (
				1E774D4211288D0700DC4EC7 /* VillainousStyle.xcodeproj */,
				1EF23B4A112745F100D04DD7 /* pianobar.xcodeproj */,
				080E96DDFE201D6D7F000001 /* Classes */,
				29B97315FDCFA39411CA2CEA /* Other Sources */,
				29B97317FDCFA39411CA2CEA /* Resources */,
				29B97323FDCFA39411CA2CEA /* Frameworks */,
				19C28FACFE9D520D11CA2CBB /* Products */,
				1E774DF11128950C00DC4EC7 /* MainWindow.xib */,
			);
			name = PlayerPiano;
			sourceTree = "<group>";
		};
		29B97315FDCFA39411CA2CEA /* Other Sources */ = {
			isa = PBXGroup;
			children = (
				256AC3F00F4B6AF500CF3369 /* PlayerPiano_Prefix.pch */,
				29B97316FDCFA39411CA2CEA /* main.m */,
			);
			name = "Other Sources";
			sourceTree = "<group>";
		};
		29B97317FDCFA39411CA2CEA /* Resources */ = {
			isa = PBXGroup;
			children = (
				1E7D45DE1128FFB4001CA61F /* play.png */,
				8D1107310486CEB800E47090 /* PlayerPiano-Info.plist */,
				1E774CDD112883B700DC4EC7 /* InfoPlist.strings */,
				1E774CDF112883B700DC4EC7 /* MainMenu.xib */,
				1E774CCA1128834E00DC4EC7 /* next-song.png */,
				1E774CCB1128834E00DC4EC7 /* pause.png */,
				1E774CCC1128834E00DC4EC7 /* thumb-down.png */,
				1E774CCD1128834E00DC4EC7 /* thumb-up.png */,
			);
			path = Resources;
			sourceTree = "<group>";
		};
		29B97323FDCFA39411CA2CEA /* Frameworks */ = {
			isa = PBXGroup;
			children = (
				1E774D6711288DFA00DC4EC7 /* VillainousStyle.framework */,
				1058C7A0FEA54F0111CA2CBB /* Linked Frameworks */,
				1058C7A2FEA54F0111CA2CBB /* Other Frameworks */,
			);
			name = Frameworks;
			sourceTree = "<group>";
		};
		820CCE25119C8D2000538AF0 /* Products */ = {
			isa = PBXGroup;
			children = (
				820CCE2C119C8D2000538AF0 /* libezxml.a */,
				820CCE2E119C8D2000538AF0 /* libwaitress.a */,
				820CCE30119C8D2000538AF0 /* libpiano.a */,
				820CCE32119C8D2000538AF0 /* pianobar */,
				820CCECB119C903C00538AF0 /* PianoBar.framework */,
			);
			name = Products;
			sourceTree = "<group>";
		};
/* End PBXGroup section */

/* Begin PBXNativeTarget section */
		8D1107260486CEB800E47090 /* PlayerPiano */ = {
			isa = PBXNativeTarget;
			buildConfigurationList = C01FCF4A08A954540054247B /* Build configuration list for PBXNativeTarget "PlayerPiano" */;
			buildPhases = (
				1E774D5911288D5F00DC4EC7 /* Copy Frameworks */,
				8D1107290486CEB800E47090 /* Resources */,
				8D11072C0486CEB800E47090 /* Sources */,
				8D11072E0486CEB800E47090 /* Frameworks */,
			);
			buildRules = (
			);
			dependencies = (
				1E774D5311288D2100DC4EC7 /* PBXTargetDependency */,
				820CCEDA119C905B00538AF0 /* PBXTargetDependency */,
			);
			name = PlayerPiano;
			productInstallPath = "$(HOME)/Applications";
			productName = PlayerPiano;
			productReference = 8D1107320486CEB800E47090 /* PlayerPiano.app */;
			productType = "com.apple.product-type.application";
		};
/* End PBXNativeTarget section */

/* Begin PBXProject section */
		29B97313FDCFA39411CA2CEA /* Project object */ = {
			isa = PBXProject;
			buildConfigurationList = C01FCF4E08A954540054247B /* Build configuration list for PBXProject "PlayerPiano" */;
			compatibilityVersion = "Xcode 3.1";
			hasScannedForEncodings = 1;
			mainGroup = 29B97314FDCFA39411CA2CEA /* PlayerPiano */;
			projectDirPath = "";
			projectReferences = (
				{
					ProductGroup = 820CCE25119C8D2000538AF0 /* Products */;
					ProjectRef = 1EF23B4A112745F100D04DD7 /* pianobar.xcodeproj */;
				},
				{
					ProductGroup = 1E774D4311288D0700DC4EC7 /* Products */;
					ProjectRef = 1E774D4211288D0700DC4EC7 /* VillainousStyle.xcodeproj */;
				},
			);
			projectRoot = "";
			targets = (
				8D1107260486CEB800E47090 /* PlayerPiano */,
			);
		};
/* End PBXProject section */

/* Begin PBXReferenceProxy section */
		1E774D4D11288D0700DC4EC7 /* VillainousStyle.framework */ = {
			isa = PBXReferenceProxy;
			fileType = wrapper.framework;
			path = VillainousStyle.framework;
			remoteRef = 1E774D4C11288D0700DC4EC7 /* PBXContainerItemProxy */;
			sourceTree = BUILT_PRODUCTS_DIR;
		};
		1E774D4F11288D0700DC4EC7 /* libVillainousStyle.a */ = {
			isa = PBXReferenceProxy;
			fileType = archive.ar;
			path = libVillainousStyle.a;
			remoteRef = 1E774D4E11288D0700DC4EC7 /* PBXContainerItemProxy */;
			sourceTree = BUILT_PRODUCTS_DIR;
		};
		1E774D5111288D0700DC4EC7 /* libVillainousStyle.a */ = {
			isa = PBXReferenceProxy;
			fileType = archive.ar;
			path = libVillainousStyle.a;
			remoteRef = 1E774D5011288D0700DC4EC7 /* PBXContainerItemProxy */;
			sourceTree = BUILT_PRODUCTS_DIR;
		};
		820CCE2C119C8D2000538AF0 /* libezxml.a */ = {
			isa = PBXReferenceProxy;
			fileType = archive.ar;
			path = libezxml.a;
			remoteRef = 820CCE2B119C8D2000538AF0 /* PBXContainerItemProxy */;
			sourceTree = BUILT_PRODUCTS_DIR;
		};
		820CCE2E119C8D2000538AF0 /* libwaitress.a */ = {
			isa = PBXReferenceProxy;
			fileType = archive.ar;
			path = libwaitress.a;
			remoteRef = 820CCE2D119C8D2000538AF0 /* PBXContainerItemProxy */;
			sourceTree = BUILT_PRODUCTS_DIR;
		};
		820CCE30119C8D2000538AF0 /* libpiano.a */ = {
			isa = PBXReferenceProxy;
			fileType = archive.ar;
			path = libpiano.a;
			remoteRef = 820CCE2F119C8D2000538AF0 /* PBXContainerItemProxy */;
			sourceTree = BUILT_PRODUCTS_DIR;
		};
		820CCE32119C8D2000538AF0 /* pianobar */ = {
			isa = PBXReferenceProxy;
			fileType = "compiled.mach-o.executable";
			path = pianobar;
			remoteRef = 820CCE31119C8D2000538AF0 /* PBXContainerItemProxy */;
			sourceTree = BUILT_PRODUCTS_DIR;
		};
		820CCECB119C903C00538AF0 /* PianoBar.framework */ = {
			isa = PBXReferenceProxy;
			fileType = wrapper.framework;
			path = PianoBar.framework;
			remoteRef = 820CCECA119C903C00538AF0 /* PBXContainerItemProxy */;
			sourceTree = BUILT_PRODUCTS_DIR;
		};
/* End PBXReferenceProxy section */

/* Begin PBXResourcesBuildPhase section */
		8D1107290486CEB800E47090 /* Resources */ = {
			isa = PBXResourcesBuildPhase;
			buildActionMask = 2147483647;
			files = (
				1E774CCE1128834E00DC4EC7 /* next-song.png in Resources */,
				1E774CCF1128834E00DC4EC7 /* pause.png in Resources */,
				1E774CD01128834E00DC4EC7 /* thumb-down.png in Resources */,
				1E774CD11128834E00DC4EC7 /* thumb-up.png in Resources */,
				1E774CE1112883B700DC4EC7 /* InfoPlist.strings in Resources */,
				1E774CE2112883B700DC4EC7 /* MainMenu.xib in Resources */,
				1E774DF31128950C00DC4EC7 /* MainWindow.xib in Resources */,
				1E7D45DF1128FFB4001CA61F /* play.png in Resources */,
			);
			runOnlyForDeploymentPostprocessing = 0;
		};
/* End PBXResourcesBuildPhase section */

/* Begin PBXSourcesBuildPhase section */
		8D11072C0486CEB800E47090 /* Sources */ = {
			isa = PBXSourcesBuildPhase;
			buildActionMask = 2147483647;
			files = (
				8D11072D0486CEB800E47090 /* main.m in Sources */,
				256AC3DA0F4B6AC300CF3369 /* PlayerPianoAppDelegate.m in Sources */,
				1EF23BCA11274AFA00D04DD7 /* PPFileHandleLineBuffer.m in Sources */,
				1EF23C2E11275A5B00D04DD7 /* PPLineRecognizer.m in Sources */,
				1EF23C3B11275C6100D04DD7 /* PPLineParser.m in Sources */,
				1E1B690B11279E7C00F03465 /* NSString+TimeParsing.m in Sources */,
				1E774D5E11288DA600DC4EC7 /* PPStyleSheet.m in Sources */,
				1E774DAD11288F2500DC4EC7 /* PPStyleView.m in Sources */,
				1E774F701128E3F300DC4EC7 /* NSWindow+TitlebarAccessory.m in Sources */,
				1E774F8B1128E78E00DC4EC7 /* PPTitlebarAccessoryPopUpButton.m in Sources */,
				1E7D460D11291746001CA61F /* PPSliderCell.m in Sources */,
				1E7D467711291C80001CA61F /* PPTimeIntervalTransformer.m in Sources */,
			);
			runOnlyForDeploymentPostprocessing = 0;
		};
/* End PBXSourcesBuildPhase section */

/* Begin PBXTargetDependency section */
		1E774D5311288D2100DC4EC7 /* PBXTargetDependency */ = {
			isa = PBXTargetDependency;
			name = VillainousStyle.framework;
			targetProxy = 1E774D5211288D2100DC4EC7 /* PBXContainerItemProxy */;
		};
		820CCEDA119C905B00538AF0 /* PBXTargetDependency */ = {
			isa = PBXTargetDependency;
			name = PianoBarFramework;
			targetProxy = 820CCED9119C905B00538AF0 /* PBXContainerItemProxy */;
		};
/* End PBXTargetDependency section */

/* Begin PBXVariantGroup section */
		1E774CDD112883B700DC4EC7 /* InfoPlist.strings */ = {
			isa = PBXVariantGroup;
			children = (
				1E774CDE112883B700DC4EC7 /* English */,
			);
			name = InfoPlist.strings;
			sourceTree = "<group>";
		};
		1E774CDF112883B700DC4EC7 /* MainMenu.xib */ = {
			isa = PBXVariantGroup;
			children = (
				1E774CE0112883B700DC4EC7 /* English */,
			);
			name = MainMenu.xib;
			sourceTree = "<group>";
		};
		1E774DF11128950C00DC4EC7 /* MainWindow.xib */ = {
			isa = PBXVariantGroup;
			children = (
				1E774DF21128950C00DC4EC7 /* English */,
			);
			name = MainWindow.xib;
			sourceTree = "<group>";
		};
/* End PBXVariantGroup section */

/* Begin XCBuildConfiguration section */
		C01FCF4B08A954540054247B /* Debug */ = {
			isa = XCBuildConfiguration;
			buildSettings = {
				ALWAYS_SEARCH_USER_PATHS = NO;
				COPY_PHASE_STRIP = NO;
				FRAMEWORK_SEARCH_PATHS = (
					"$(inherited)",
					"\"$(SRCROOT)/contrib/VillainousStyle/Source/build/Debug/Mac\"",
					"\"/Users/jweinberg/Developer/player/pianobar/build/Debug\"",
				);
				GCC_DYNAMIC_NO_PIC = NO;
				GCC_ENABLE_FIX_AND_CONTINUE = YES;
				GCC_MODEL_TUNING = G5;
				GCC_OPTIMIZATION_LEVEL = 0;
				GCC_PRECOMPILE_PREFIX_HEADER = YES;
				GCC_PREFIX_HEADER = PlayerPiano_Prefix.pch;
				INFOPLIST_FILE = "Resources/PlayerPiano-Info.plist";
				INSTALL_PATH = "$(HOME)/Applications";
				PRODUCT_NAME = PlayerPiano;
			};
			name = Debug;
		};
		C01FCF4C08A954540054247B /* Release */ = {
			isa = XCBuildConfiguration;
			buildSettings = {
				ALWAYS_SEARCH_USER_PATHS = NO;
				DEBUG_INFORMATION_FORMAT = "dwarf-with-dsym";
				FRAMEWORK_SEARCH_PATHS = (
					"$(inherited)",
					"\"$(SRCROOT)/contrib/VillainousStyle/Source/build/Debug/Mac\"",
				);
				GCC_MODEL_TUNING = G5;
				GCC_PRECOMPILE_PREFIX_HEADER = YES;
				GCC_PREFIX_HEADER = PlayerPiano_Prefix.pch;
				INFOPLIST_FILE = "Resources/PlayerPiano-Info.plist";
				INSTALL_PATH = "$(HOME)/Applications";
				PRODUCT_NAME = PlayerPiano;
			};
			name = Release;
		};
		C01FCF4F08A954540054247B /* Debug */ = {
			isa = XCBuildConfiguration;
			buildSettings = {
				ARCHS = "$(ARCHS_STANDARD_32_64_BIT)";
				GCC_C_LANGUAGE_STANDARD = gnu99;
				GCC_OPTIMIZATION_LEVEL = 0;
				GCC_WARN_ABOUT_RETURN_TYPE = YES;
				GCC_WARN_UNUSED_VARIABLE = YES;
				ONLY_ACTIVE_ARCH = YES;
				PREBINDING = NO;
				SDKROOT = macosx10.6;
			};
			name = Debug;
		};
		C01FCF5008A954540054247B /* Release */ = {
			isa = XCBuildConfiguration;
			buildSettings = {
				ARCHS = "$(ARCHS_STANDARD_32_64_BIT)";
				GCC_C_LANGUAGE_STANDARD = gnu99;
				GCC_WARN_ABOUT_RETURN_TYPE = YES;
				GCC_WARN_UNUSED_VARIABLE = YES;
				PREBINDING = NO;
				SDKROOT = macosx10.6;
			};
			name = Release;
		};
/* End XCBuildConfiguration section */

/* Begin XCConfigurationList section */
		C01FCF4A08A954540054247B /* Build configuration list for PBXNativeTarget "PlayerPiano" */ = {
			isa = XCConfigurationList;
			buildConfigurations = (
				C01FCF4B08A954540054247B /* Debug */,
				C01FCF4C08A954540054247B /* Release */,
			);
			defaultConfigurationIsVisible = 0;
			defaultConfigurationName = Release;
		};
		C01FCF4E08A954540054247B /* Build configuration list for PBXProject "PlayerPiano" */ = {
			isa = XCConfigurationList;
			buildConfigurations = (
				C01FCF4F08A954540054247B /* Debug */,
				C01FCF5008A954540054247B /* Release */,
			);
			defaultConfigurationIsVisible = 0;
			defaultConfigurationName = Release;
		};
/* End XCConfigurationList section */
	};
	rootObject = 29B97313FDCFA39411CA2CEA /* Project object */;
}
